
Microsoft Visual Studio Solution File, Format Version 12.00
# Visual Studio Version 17
VisualStudioVersion = 17.11.35312.102
MinimumVisualStudioVersion = 10.0.40219.1
Project("{FAE04EC0-301F-11D3-BF4B-00C04F79EFBC}") = "TP8_Grupo_Nro_02", "TP8_Grupo_Nro_02.csproj", "{FFDF37C1-8644-4927-8CDD-D3886D589D35}"
EndProject
Project("{FAE04EC0-301F-11D3-BF4B-00C04F79EFBC}") = "Datos", "Datos\Datos.csproj", "{C5A9EE23-640B-41E0-97BD-81678F2221C3}"
EndProject
Project("{FAE04EC0-301F-11D3-BF4B-00C04F79EFBC}") = "Entidades", "Entidades\Entidades.csproj", "{95C0C768-94F1-4CD8-9671-41DC6840B055}"
EndProject
Project("{FAE04EC0-301F-11D3-BF4B-00C04F79EFBC}") = "Logica", "Logica\Logica.csproj", "{B6691B25-9452-4087-A88B-3C5CA0D16C47}"
EndProject
Global
	GlobalSection(SolutionConfigurationPlatforms) = preSolution
		Debug|Any CPU = Debug|Any CPU
		Release|Any CPU = Release|Any CPU
	EndGlobalSection
	GlobalSection(ProjectConfigurationPlatforms) = postSolution
		{FFDF37C1-8644-4927-8CDD-D3886D589D35}.Debug|Any CPU.ActiveCfg = Debug|Any CPU
		{FFDF37C1-8644-4927-8CDD-D3886D589D35}.Debug|Any CPU.Build.0 = Debug|Any CPU
		{FFDF37C1-8644-4927-8CDD-D3886D589D35}.Release|Any CPU.ActiveCfg = Release|Any CPU
		{FFDF37C1-8644-4927-8CDD-D3886D589D35}.Release|Any CPU.Build.0 = Release|Any CPU
		{C5A9EE23-640B-41E0-97BD-81678F2221C3}.Debug|Any CPU.ActiveCfg = Debug|Any CPU
		{C5A9EE23-640B-41E0-97BD-81678F2221C3}.Debug|Any CPU.Build.0 = Debug|Any CPU
		{C5A9EE23-640B-41E0-97BD-81678F2221C3}.Release|Any CPU.ActiveCfg = Release|Any CPU
		{C5A9EE23-640B-41E0-97BD-81678F2221C3}.Release|Any CPU.Build.0 = Release|Any CPU
		{95C0C768-94F1-4CD8-9671-41DC6840B055}.Debug|Any CPU.ActiveCfg = Debug|Any CPU
		{95C0C768-94F1-4CD8-9671-41DC6840B055}.Debug|Any CPU.Build.0 = Debug|Any CPU
		{95C0C768-94F1-4CD8-9671-41DC6840B055}.Release|Any CPU.ActiveCfg = Release|Any CPU
		{95C0C768-94F1-4CD8-9671-41DC6840B055}.Release|Any CPU.Build.0 = Release|Any CPU
		{B6691B25-9452-4087-A88B-3C5CA0D16C47}.Debug|Any CPU.ActiveCfg = Debug|Any CPU
		{B6691B25-9452-4087-A88B-3C5CA0D16C47}.Debug|Any CPU.Build.0 = Debug|Any CPU
		{B6691B25-9452-4087-A88B-3C5CA0D16C47}.Release|Any CPU.ActiveCfg = Release|Any CPU
		{B6691B25-9452-4087-A88B-3C5CA0D16C47}.Release|Any CPU.Build.0 = Release|Any CPU
	EndGlobalSection
	GlobalSection(SolutionProperties) = preSolution
		HideSolutionNode = FALSE
	EndGlobalSection
	GlobalSection(ExtensibilityGlobals) = postSolution
		SolutionGuid = {E85A1A6B-616C-4890-AF26-78499A1A32EE}
	EndGlobalSection
EndGlobal
