
Microsoft Visual Studio Solution File, Format Version 12.00
# Visual Studio Version 17
VisualStudioVersion = 17.11.35208.52
MinimumVisualStudioVersion = 10.0.40219.1
Project("{FAE04EC0-301F-11D3-BF4B-00C04F79EFBC}") = "TP3_Grupo_Nro_02", "TP3 Programacion3 Grupo2\TP3_Grupo_Nro_02.csproj", "{4E0128F9-4E1B-41D0-AE59-BBED0DB37AB1}"
EndProject
Global
	GlobalSection(SolutionConfigurationPlatforms) = preSolution
		Debug|Any CPU = Debug|Any CPU
		Release|Any CPU = Release|Any CPU
	EndGlobalSection
	GlobalSection(ProjectConfigurationPlatforms) = postSolution
		{4E0128F9-4E1B-41D0-AE59-BBED0DB37AB1}.Debug|Any CPU.ActiveCfg = Debug|Any CPU
		{4E0128F9-4E1B-41D0-AE59-BBED0DB37AB1}.Debug|Any CPU.Build.0 = Debug|Any CPU
		{4E0128F9-4E1B-41D0-AE59-BBED0DB37AB1}.Release|Any CPU.ActiveCfg = Release|Any CPU
		{4E0128F9-4E1B-41D0-AE59-BBED0DB37AB1}.Release|Any CPU.Build.0 = Release|Any CPU
	EndGlobalSection
	GlobalSection(SolutionProperties) = preSolution
		HideSolutionNode = FALSE
	EndGlobalSection
	GlobalSection(ExtensibilityGlobals) = postSolution
		SolutionGuid = {76246111-F82C-483A-9490-F5323DB432A3}
	EndGlobalSection
EndGlobal
